// !$*UTF8*$!
{
	archiveVersion = 1;
	classes = {
	};
	objectVersion = 46;
	objects = {

/* Begin PBXBuildFile section */
		BB19E2E11BC5BE5E0089C8C7 /* AppDelegate.swift in Sources */ = {isa = PBXBuildFile; fileRef = BB19E2E01BC5BE5E0089C8C7 /* AppDelegate.swift */; };
		BB19E2E81BC5BE5E0089C8C7 /* Main.storyboard in Resources */ = {isa = PBXBuildFile; fileRef = BB19E2E61BC5BE5E0089C8C7 /* Main.storyboard */; };
		BB19E2EA1BC5BE5E0089C8C7 /* Images.xcassets in Resources */ = {isa = PBXBuildFile; fileRef = BB19E2E91BC5BE5E0089C8C7 /* Images.xcassets */; };
		BB19E2ED1BC5BE5E0089C8C7 /* LaunchScreen.xib in Resources */ = {isa = PBXBuildFile; fileRef = BB19E2EB1BC5BE5E0089C8C7 /* LaunchScreen.xib */; };
		BB19E2F91BC5BE5E0089C8C7 /* PlasmidTests.swift in Sources */ = {isa = PBXBuildFile; fileRef = BB19E2F81BC5BE5E0089C8C7 /* PlasmidTests.swift */; };
		BB19E3031BC5C4B50089C8C7 /* MainVC.swift in Sources */ = {isa = PBXBuildFile; fileRef = BB19E3021BC5C4B50089C8C7 /* MainVC.swift */; };
		BB19E3051BC5C5A00089C8C7 /* DropboxManager.swift in Sources */ = {isa = PBXBuildFile; fileRef = BB19E3041BC5C5A00089C8C7 /* DropboxManager.swift */; };
		BB19E3071BC5C61A0089C8C7 /* Dropbox.framework in Frameworks */ = {isa = PBXBuildFile; fileRef = BB19E3061BC5C61A0089C8C7 /* Dropbox.framework */; };
		BB19E3091BC5C6AC0089C8C7 /* CFNetwork.framework in Frameworks */ = {isa = PBXBuildFile; fileRef = BB19E3081BC5C6AC0089C8C7 /* CFNetwork.framework */; };
		BB19E30B1BC5C6B70089C8C7 /* Security.framework in Frameworks */ = {isa = PBXBuildFile; fileRef = BB19E30A1BC5C6B70089C8C7 /* Security.framework */; };
		BB19E30D1BC5C6C30089C8C7 /* SystemConfiguration.framework in Frameworks */ = {isa = PBXBuildFile; fileRef = BB19E30C1BC5C6C30089C8C7 /* SystemConfiguration.framework */; };
		BB19E30F1BC5C6CE0089C8C7 /* QuartzCore.framework in Frameworks */ = {isa = PBXBuildFile; fileRef = BB19E30E1BC5C6CE0089C8C7 /* QuartzCore.framework */; };
		BB19E3111BC5C6DD0089C8C7 /* libc++.dylib in Frameworks */ = {isa = PBXBuildFile; fileRef = BB19E3101BC5C6DD0089C8C7 /* libc++.dylib */; };
		BB19E3131BC5C6ED0089C8C7 /* libz.dylib in Frameworks */ = {isa = PBXBuildFile; fileRef = BB19E3121BC5C6ED0089C8C7 /* libz.dylib */; };
		BB19E3181BC5D30A0089C8C7 /* FileContainerVC.swift in Sources */ = {isa = PBXBuildFile; fileRef = BB19E3171BC5D30A0089C8C7 /* FileContainerVC.swift */; };
		BB19E31A1BC5D3210089C8C7 /* FileTableVCTableViewController.swift in Sources */ = {isa = PBXBuildFile; fileRef = BB19E3191BC5D3210089C8C7 /* FileTableVCTableViewController.swift */; };
		BB19E31C1BC5D6AA0089C8C7 /* Global.swift in Sources */ = {isa = PBXBuildFile; fileRef = BB19E31B1BC5D6AA0089C8C7 /* Global.swift */; };
		BB19E31F1BC5DE9B0089C8C7 /* GenbankParser.swift in Sources */ = {isa = PBXBuildFile; fileRef = BB19E31D1BC5DE9B0089C8C7 /* GenbankParser.swift */; };
		BB19E3201BC5DE9B0089C8C7 /* Seq.swift in Sources */ = {isa = PBXBuildFile; fileRef = BB19E31E1BC5DE9B0089C8C7 /* Seq.swift */; };
		BB19E3221BC5E1180089C8C7 /* genbankAppendixII_featureKeys.txt in Resources */ = {isa = PBXBuildFile; fileRef = BB19E3211BC5E1180089C8C7 /* genbankAppendixII_featureKeys.txt */; };
		BBA5F8091BC5ECDE00523EA9 /* MapView.swift in Sources */ = {isa = PBXBuildFile; fileRef = BBA5F8081BC5ECDE00523EA9 /* MapView.swift */; };
		BBA5F80B1BC6FEEA00523EA9 /* MapContainerContainerVC.swift in Sources */ = {isa = PBXBuildFile; fileRef = BBA5F80A1BC6FEEA00523EA9 /* MapContainerContainerVC.swift */; };
		BBA5F80D1BC6FF5300523EA9 /* MapViewContainer.swift in Sources */ = {isa = PBXBuildFile; fileRef = BBA5F80C1BC6FF5300523EA9 /* MapViewContainer.swift */; };
		BBA5F80F1BC719D800523EA9 /* AnnotateVC.swift in Sources */ = {isa = PBXBuildFile; fileRef = BBA5F80E1BC719D800523EA9 /* AnnotateVC.swift */; };
		BBA5F8111BC71A0C00523EA9 /* TranslateVC.swift in Sources */ = {isa = PBXBuildFile; fileRef = BBA5F8101BC71A0C00523EA9 /* TranslateVC.swift */; };
		BBA5F8131BC71A1800523EA9 /* InspectVC.swift in Sources */ = {isa = PBXBuildFile; fileRef = BBA5F8121BC71A1800523EA9 /* InspectVC.swift */; };
		BBA5F8151BC71A9700523EA9 /* FeatureVC.swift in Sources */ = {isa = PBXBuildFile; fileRef = BBA5F8141BC71A9700523EA9 /* FeatureVC.swift */; };
		BBA5F8171BC71BD400523EA9 /* MapFeatureListVC.swift in Sources */ = {isa = PBXBuildFile; fileRef = BBA5F8161BC71BD400523EA9 /* MapFeatureListVC.swift */; };
		BBD1635D1BCAD31200ACD31B /* KeySelectionVCTableViewController.swift in Sources */ = {isa = PBXBuildFile; fileRef = BBD1635C1BCAD31200ACD31B /* KeySelectionVCTableViewController.swift */; };
		BBEA85391BC84D8F005688AC /* HuePicker.swift in Sources */ = {isa = PBXBuildFile; fileRef = BBEA85381BC84D8F005688AC /* HuePicker.swift */; };
		BBF900B11BC82D1500696A30 /* translateDNA.swift in Sources */ = {isa = PBXBuildFile; fileRef = BBF900B01BC82D1500696A30 /* translateDNA.swift */; };
		BBF900B41BC831D100696A30 /* meltingTemperature.swift in Sources */ = {isa = PBXBuildFile; fileRef = BBF900B31BC831D100696A30 /* meltingTemperature.swift */; };
		BBF900B61BC834F700696A30 /* percentGC.swift in Sources */ = {isa = PBXBuildFile; fileRef = BBF900B51BC834F700696A30 /* percentGC.swift */; };
/* End PBXBuildFile section */

/* Begin PBXContainerItemProxy section */
		BB19E2F31BC5BE5E0089C8C7 /* PBXContainerItemProxy */ = {
			isa = PBXContainerItemProxy;
			containerPortal = BB19E2D31BC5BE5E0089C8C7 /* Project object */;
			proxyType = 1;
			remoteGlobalIDString = BB19E2DA1BC5BE5E0089C8C7;
			remoteInfo = Plasmid;
		};
/* End PBXContainerItemProxy section */

/* Begin PBXFileReference section */
		BB19E2DB1BC5BE5E0089C8C7 /* Plasmid.app */ = {isa = PBXFileReference; explicitFileType = wrapper.application; includeInIndex = 0; path = Plasmid.app; sourceTree = BUILT_PRODUCTS_DIR; };
		BB19E2DF1BC5BE5E0089C8C7 /* Info.plist */ = {isa = PBXFileReference; lastKnownFileType = text.plist.xml; path = Info.plist; sourceTree = "<group>"; };
		BB19E2E01BC5BE5E0089C8C7 /* AppDelegate.swift */ = {isa = PBXFileReference; lastKnownFileType = sourcecode.swift; path = AppDelegate.swift; sourceTree = "<group>"; };
		BB19E2E71BC5BE5E0089C8C7 /* Base */ = {isa = PBXFileReference; lastKnownFileType = file.storyboard; name = Base; path = Base.lproj/Main.storyboard; sourceTree = "<group>"; };
		BB19E2E91BC5BE5E0089C8C7 /* Images.xcassets */ = {isa = PBXFileReference; lastKnownFileType = folder.assetcatalog; path = Images.xcassets; sourceTree = "<group>"; };
		BB19E2EC1BC5BE5E0089C8C7 /* Base */ = {isa = PBXFileReference; lastKnownFileType = file.xib; name = Base; path = Base.lproj/LaunchScreen.xib; sourceTree = "<group>"; };
		BB19E2F21BC5BE5E0089C8C7 /* PlasmidTests.xctest */ = {isa = PBXFileReference; explicitFileType = wrapper.cfbundle; includeInIndex = 0; path = PlasmidTests.xctest; sourceTree = BUILT_PRODUCTS_DIR; };
		BB19E2F71BC5BE5E0089C8C7 /* Info.plist */ = {isa = PBXFileReference; lastKnownFileType = text.plist.xml; path = Info.plist; sourceTree = "<group>"; };
		BB19E2F81BC5BE5E0089C8C7 /* PlasmidTests.swift */ = {isa = PBXFileReference; lastKnownFileType = sourcecode.swift; path = PlasmidTests.swift; sourceTree = "<group>"; };
		BB19E3021BC5C4B50089C8C7 /* MainVC.swift */ = {isa = PBXFileReference; fileEncoding = 4; lastKnownFileType = sourcecode.swift; path = MainVC.swift; sourceTree = "<group>"; };
		BB19E3041BC5C5A00089C8C7 /* DropboxManager.swift */ = {isa = PBXFileReference; fileEncoding = 4; lastKnownFileType = sourcecode.swift; path = DropboxManager.swift; sourceTree = "<group>"; };
		BB19E3061BC5C61A0089C8C7 /* Dropbox.framework */ = {isa = PBXFileReference; lastKnownFileType = wrapper.framework; path = Dropbox.framework; sourceTree = "<group>"; };
		BB19E3081BC5C6AC0089C8C7 /* CFNetwork.framework */ = {isa = PBXFileReference; lastKnownFileType = wrapper.framework; name = CFNetwork.framework; path = System/Library/Frameworks/CFNetwork.framework; sourceTree = SDKROOT; };
		BB19E30A1BC5C6B70089C8C7 /* Security.framework */ = {isa = PBXFileReference; lastKnownFileType = wrapper.framework; name = Security.framework; path = System/Library/Frameworks/Security.framework; sourceTree = SDKROOT; };
		BB19E30C1BC5C6C30089C8C7 /* SystemConfiguration.framework */ = {isa = PBXFileReference; lastKnownFileType = wrapper.framework; name = SystemConfiguration.framework; path = System/Library/Frameworks/SystemConfiguration.framework; sourceTree = SDKROOT; };
		BB19E30E1BC5C6CE0089C8C7 /* QuartzCore.framework */ = {isa = PBXFileReference; lastKnownFileType = wrapper.framework; name = QuartzCore.framework; path = System/Library/Frameworks/QuartzCore.framework; sourceTree = SDKROOT; };
		BB19E3101BC5C6DD0089C8C7 /* libc++.dylib */ = {isa = PBXFileReference; lastKnownFileType = "compiled.mach-o.dylib"; name = "libc++.dylib"; path = "usr/lib/libc++.dylib"; sourceTree = SDKROOT; };
		BB19E3121BC5C6ED0089C8C7 /* libz.dylib */ = {isa = PBXFileReference; lastKnownFileType = "compiled.mach-o.dylib"; name = libz.dylib; path = usr/lib/libz.dylib; sourceTree = SDKROOT; };
		BB19E3141BC5C7930089C8C7 /* Plasmid-Bridging-Header.h */ = {isa = PBXFileReference; lastKnownFileType = sourcecode.c.h; path = "Plasmid-Bridging-Header.h"; sourceTree = "<group>"; };
		BB19E3171BC5D30A0089C8C7 /* FileContainerVC.swift */ = {isa = PBXFileReference; fileEncoding = 4; lastKnownFileType = sourcecode.swift; path = FileContainerVC.swift; sourceTree = "<group>"; };
		BB19E3191BC5D3210089C8C7 /* FileTableVCTableViewController.swift */ = {isa = PBXFileReference; fileEncoding = 4; lastKnownFileType = sourcecode.swift; path = FileTableVCTableViewController.swift; sourceTree = "<group>"; };
		BB19E31B1BC5D6AA0089C8C7 /* Global.swift */ = {isa = PBXFileReference; fileEncoding = 4; lastKnownFileType = sourcecode.swift; path = Global.swift; sourceTree = "<group>"; };
		BB19E31D1BC5DE9B0089C8C7 /* GenbankParser.swift */ = {isa = PBXFileReference; fileEncoding = 4; lastKnownFileType = sourcecode.swift; path = GenbankParser.swift; sourceTree = "<group>"; };
		BB19E31E1BC5DE9B0089C8C7 /* Seq.swift */ = {isa = PBXFileReference; fileEncoding = 4; lastKnownFileType = sourcecode.swift; path = Seq.swift; sourceTree = "<group>"; };
		BB19E3211BC5E1180089C8C7 /* genbankAppendixII_featureKeys.txt */ = {isa = PBXFileReference; fileEncoding = 4; lastKnownFileType = text; path = genbankAppendixII_featureKeys.txt; sourceTree = "<group>"; };
		BBA5F8081BC5ECDE00523EA9 /* MapView.swift */ = {isa = PBXFileReference; fileEncoding = 4; lastKnownFileType = sourcecode.swift; path = MapView.swift; sourceTree = "<group>"; };
		BBA5F80A1BC6FEEA00523EA9 /* MapContainerContainerVC.swift */ = {isa = PBXFileReference; fileEncoding = 4; lastKnownFileType = sourcecode.swift; path = MapContainerContainerVC.swift; sourceTree = "<group>"; };
		BBA5F80C1BC6FF5300523EA9 /* MapViewContainer.swift */ = {isa = PBXFileReference; fileEncoding = 4; lastKnownFileType = sourcecode.swift; path = MapViewContainer.swift; sourceTree = "<group>"; };
		BBA5F80E1BC719D800523EA9 /* AnnotateVC.swift */ = {isa = PBXFileReference; fileEncoding = 4; lastKnownFileType = sourcecode.swift; path = AnnotateVC.swift; sourceTree = "<group>"; };
		BBA5F8101BC71A0C00523EA9 /* TranslateVC.swift */ = {isa = PBXFileReference; fileEncoding = 4; lastKnownFileType = sourcecode.swift; path = TranslateVC.swift; sourceTree = "<group>"; };
		BBA5F8121BC71A1800523EA9 /* InspectVC.swift */ = {isa = PBXFileReference; fileEncoding = 4; lastKnownFileType = sourcecode.swift; path = InspectVC.swift; sourceTree = "<group>"; };
		BBA5F8141BC71A9700523EA9 /* FeatureVC.swift */ = {isa = PBXFileReference; fileEncoding = 4; lastKnownFileType = sourcecode.swift; path = FeatureVC.swift; sourceTree = "<group>"; };
		BBA5F8161BC71BD400523EA9 /* MapFeatureListVC.swift */ = {isa = PBXFileReference; fileEncoding = 4; lastKnownFileType = sourcecode.swift; path = MapFeatureListVC.swift; sourceTree = "<group>"; };
		BBD1635C1BCAD31200ACD31B /* KeySelectionVCTableViewController.swift */ = {isa = PBXFileReference; fileEncoding = 4; lastKnownFileType = sourcecode.swift; path = KeySelectionVCTableViewController.swift; sourceTree = "<group>"; };
		BBEA85381BC84D8F005688AC /* HuePicker.swift */ = {isa = PBXFileReference; fileEncoding = 4; lastKnownFileType = sourcecode.swift; path = HuePicker.swift; sourceTree = "<group>"; };
		BBF900B01BC82D1500696A30 /* translateDNA.swift */ = {isa = PBXFileReference; fileEncoding = 4; lastKnownFileType = sourcecode.swift; path = translateDNA.swift; sourceTree = "<group>"; };
		BBF900B31BC831D100696A30 /* meltingTemperature.swift */ = {isa = PBXFileReference; fileEncoding = 4; lastKnownFileType = sourcecode.swift; name = meltingTemperature.swift; path = ../meltingTemperature.swift; sourceTree = "<group>"; };
		BBF900B51BC834F700696A30 /* percentGC.swift */ = {isa = PBXFileReference; fileEncoding = 4; lastKnownFileType = sourcecode.swift; path = percentGC.swift; sourceTree = "<group>"; };
/* End PBXFileReference section */

/* Begin PBXFrameworksBuildPhase section */
		BB19E2D81BC5BE5E0089C8C7 /* Frameworks */ = {
			isa = PBXFrameworksBuildPhase;
			buildActionMask = 2147483647;
			files = (
				BB19E3131BC5C6ED0089C8C7 /* libz.dylib in Frameworks */,
				BB19E3111BC5C6DD0089C8C7 /* libc++.dylib in Frameworks */,
				BB19E30F1BC5C6CE0089C8C7 /* QuartzCore.framework in Frameworks */,
				BB19E30D1BC5C6C30089C8C7 /* SystemConfiguration.framework in Frameworks */,
				BB19E30B1BC5C6B70089C8C7 /* Security.framework in Frameworks */,
				BB19E3091BC5C6AC0089C8C7 /* CFNetwork.framework in Frameworks */,
				BB19E3071BC5C61A0089C8C7 /* Dropbox.framework in Frameworks */,
			);
			runOnlyForDeploymentPostprocessing = 0;
		};
		BB19E2EF1BC5BE5E0089C8C7 /* Frameworks */ = {
			isa = PBXFrameworksBuildPhase;
			buildActionMask = 2147483647;
			files = (
			);
			runOnlyForDeploymentPostprocessing = 0;
		};
/* End PBXFrameworksBuildPhase section */

/* Begin PBXGroup section */
		BB19E2D21BC5BE5E0089C8C7 = {
			isa = PBXGroup;
			children = (
				BB19E3121BC5C6ED0089C8C7 /* libz.dylib */,
				BB19E3101BC5C6DD0089C8C7 /* libc++.dylib */,
				BB19E30E1BC5C6CE0089C8C7 /* QuartzCore.framework */,
				BB19E30C1BC5C6C30089C8C7 /* SystemConfiguration.framework */,
				BB19E30A1BC5C6B70089C8C7 /* Security.framework */,
				BB19E3081BC5C6AC0089C8C7 /* CFNetwork.framework */,
				BB19E3061BC5C61A0089C8C7 /* Dropbox.framework */,
				BB19E2DD1BC5BE5E0089C8C7 /* Plasmid */,
				BB19E2F51BC5BE5E0089C8C7 /* PlasmidTests */,
				BB19E2DC1BC5BE5E0089C8C7 /* Products */,
			);
			sourceTree = "<group>";
		};
		BB19E2DC1BC5BE5E0089C8C7 /* Products */ = {
			isa = PBXGroup;
			children = (
				BB19E2DB1BC5BE5E0089C8C7 /* Plasmid.app */,
				BB19E2F21BC5BE5E0089C8C7 /* PlasmidTests.xctest */,
			);
			name = Products;
			sourceTree = "<group>";
		};
		BB19E2DD1BC5BE5E0089C8C7 /* Plasmid */ = {
			isa = PBXGroup;
			children = (
				BB19E31B1BC5D6AA0089C8C7 /* Global.swift */,
				BB19E2E01BC5BE5E0089C8C7 /* AppDelegate.swift */,
				BB19E3021BC5C4B50089C8C7 /* MainVC.swift */,
				BBA5F8141BC71A9700523EA9 /* FeatureVC.swift */,
				BBEA85381BC84D8F005688AC /* HuePicker.swift */,
				BBA5F81A1BC72D2D00523EA9 /* Tools */,
				BBA5F8191BC72D0700523EA9 /* File */,
				BBA5F8181BC72CF600523EA9 /* Map */,
				BB19E3041BC5C5A00089C8C7 /* DropboxManager.swift */,
				BBA5F81B1BC72D3700523EA9 /* Biology */,
				BB19E2E61BC5BE5E0089C8C7 /* Main.storyboard */,
				BB19E2E91BC5BE5E0089C8C7 /* Images.xcassets */,
				BB19E2EB1BC5BE5E0089C8C7 /* LaunchScreen.xib */,
				BB19E2DE1BC5BE5E0089C8C7 /* Supporting Files */,
				BB19E3141BC5C7930089C8C7 /* Plasmid-Bridging-Header.h */,
			);
			path = Plasmid;
			sourceTree = "<group>";
		};
		BB19E2DE1BC5BE5E0089C8C7 /* Supporting Files */ = {
			isa = PBXGroup;
			children = (
				BB19E2DF1BC5BE5E0089C8C7 /* Info.plist */,
			);
			name = "Supporting Files";
			sourceTree = "<group>";
		};
		BB19E2F51BC5BE5E0089C8C7 /* PlasmidTests */ = {
			isa = PBXGroup;
			children = (
				BB19E2F81BC5BE5E0089C8C7 /* PlasmidTests.swift */,
				BB19E2F61BC5BE5E0089C8C7 /* Supporting Files */,
			);
			path = PlasmidTests;
			sourceTree = "<group>";
		};
		BB19E2F61BC5BE5E0089C8C7 /* Supporting Files */ = {
			isa = PBXGroup;
			children = (
				BB19E2F71BC5BE5E0089C8C7 /* Info.plist */,
			);
			name = "Supporting Files";
			sourceTree = "<group>";
		};
		BB9B835D1BC97BC0003A9EC9 /* Annotate */ = {
			isa = PBXGroup;
			children = (
				BBA5F80E1BC719D800523EA9 /* AnnotateVC.swift */,
				BBD1635C1BCAD31200ACD31B /* KeySelectionVCTableViewController.swift */,
			);
			name = Annotate;
			sourceTree = "<group>";
		};
		BBA5F8181BC72CF600523EA9 /* Map */ = {
			isa = PBXGroup;
			children = (
				BBA5F80A1BC6FEEA00523EA9 /* MapContainerContainerVC.swift */,
				BBA5F80C1BC6FF5300523EA9 /* MapViewContainer.swift */,
				BBA5F8161BC71BD400523EA9 /* MapFeatureListVC.swift */,
				BBA5F8081BC5ECDE00523EA9 /* MapView.swift */,
			);
			name = Map;
			sourceTree = "<group>";
		};
		BBA5F8191BC72D0700523EA9 /* File */ = {
			isa = PBXGroup;
			children = (
				BB19E3171BC5D30A0089C8C7 /* FileContainerVC.swift */,
				BB19E3191BC5D3210089C8C7 /* FileTableVCTableViewController.swift */,
			);
			name = File;
			sourceTree = "<group>";
		};
		BBA5F81A1BC72D2D00523EA9 /* Tools */ = {
			isa = PBXGroup;
			children = (
				BB9B835D1BC97BC0003A9EC9 /* Annotate */,
				BBA5F8101BC71A0C00523EA9 /* TranslateVC.swift */,
				BBA5F8121BC71A1800523EA9 /* InspectVC.swift */,
			);
			name = Tools;
			sourceTree = "<group>";
		};
		BBA5F81B1BC72D3700523EA9 /* Biology */ = {
			isa = PBXGroup;
			children = (
				BB19E3211BC5E1180089C8C7 /* genbankAppendixII_featureKeys.txt */,
				BB19E31D1BC5DE9B0089C8C7 /* GenbankParser.swift */,
				BB19E31E1BC5DE9B0089C8C7 /* Seq.swift */,
				BBF900B21BC82DBB00696A30 /* Functions */,
			);
			name = Biology;
			sourceTree = "<group>";
		};
		BBF900B21BC82DBB00696A30 /* Functions */ = {
			isa = PBXGroup;
			children = (
				BBF900B01BC82D1500696A30 /* translateDNA.swift */,
				BBF900B31BC831D100696A30 /* meltingTemperature.swift */,
				BBF900B51BC834F700696A30 /* percentGC.swift */,
			);
			name = Functions;
			sourceTree = "<group>";
		};
/* End PBXGroup section */

/* Begin PBXNativeTarget section */
		BB19E2DA1BC5BE5E0089C8C7 /* Plasmid */ = {
			isa = PBXNativeTarget;
			buildConfigurationList = BB19E2FC1BC5BE5E0089C8C7 /* Build configuration list for PBXNativeTarget "Plasmid" */;
			buildPhases = (
				BB19E2D71BC5BE5E0089C8C7 /* Sources */,
				BB19E2D81BC5BE5E0089C8C7 /* Frameworks */,
				BB19E2D91BC5BE5E0089C8C7 /* Resources */,
			);
			buildRules = (
			);
			dependencies = (
			);
			name = Plasmid;
			productName = Plasmid;
			productReference = BB19E2DB1BC5BE5E0089C8C7 /* Plasmid.app */;
			productType = "com.apple.product-type.application";
		};
		BB19E2F11BC5BE5E0089C8C7 /* PlasmidTests */ = {
			isa = PBXNativeTarget;
			buildConfigurationList = BB19E2FF1BC5BE5E0089C8C7 /* Build configuration list for PBXNativeTarget "PlasmidTests" */;
			buildPhases = (
				BB19E2EE1BC5BE5E0089C8C7 /* Sources */,
				BB19E2EF1BC5BE5E0089C8C7 /* Frameworks */,
				BB19E2F01BC5BE5E0089C8C7 /* Resources */,
			);
			buildRules = (
			);
			dependencies = (
				BB19E2F41BC5BE5E0089C8C7 /* PBXTargetDependency */,
			);
			name = PlasmidTests;
			productName = PlasmidTests;
			productReference = BB19E2F21BC5BE5E0089C8C7 /* PlasmidTests.xctest */;
			productType = "com.apple.product-type.bundle.unit-test";
		};
/* End PBXNativeTarget section */

/* Begin PBXProject section */
		BB19E2D31BC5BE5E0089C8C7 /* Project object */ = {
			isa = PBXProject;
			attributes = {
				LastUpgradeCheck = 0640;
				ORGANIZATIONNAME = "Daniel Acker";
				TargetAttributes = {
					BB19E2DA1BC5BE5E0089C8C7 = {
						CreatedOnToolsVersion = 6.4;
					};
					BB19E2F11BC5BE5E0089C8C7 = {
						CreatedOnToolsVersion = 6.4;
						TestTargetID = BB19E2DA1BC5BE5E0089C8C7;
					};
				};
			};
			buildConfigurationList = BB19E2D61BC5BE5E0089C8C7 /* Build configuration list for PBXProject "Plasmid" */;
			compatibilityVersion = "Xcode 3.2";
			developmentRegion = English;
			hasScannedForEncodings = 0;
			knownRegions = (
				en,
				Base,
			);
			mainGroup = BB19E2D21BC5BE5E0089C8C7;
			productRefGroup = BB19E2DC1BC5BE5E0089C8C7 /* Products */;
			projectDirPath = "";
			projectRoot = "";
			targets = (
				BB19E2DA1BC5BE5E0089C8C7 /* Plasmid */,
				BB19E2F11BC5BE5E0089C8C7 /* PlasmidTests */,
			);
		};
/* End PBXProject section */

/* Begin PBXResourcesBuildPhase section */
		BB19E2D91BC5BE5E0089C8C7 /* Resources */ = {
			isa = PBXResourcesBuildPhase;
			buildActionMask = 2147483647;
			files = (
				BB19E2E81BC5BE5E0089C8C7 /* Main.storyboard in Resources */,
				BB19E3221BC5E1180089C8C7 /* genbankAppendixII_featureKeys.txt in Resources */,
				BB19E2ED1BC5BE5E0089C8C7 /* LaunchScreen.xib in Resources */,
				BB19E2EA1BC5BE5E0089C8C7 /* Images.xcassets in Resources */,
			);
			runOnlyForDeploymentPostprocessing = 0;
		};
		BB19E2F01BC5BE5E0089C8C7 /* Resources */ = {
			isa = PBXResourcesBuildPhase;
			buildActionMask = 2147483647;
			files = (
			);
			runOnlyForDeploymentPostprocessing = 0;
		};
/* End PBXResourcesBuildPhase section */

/* Begin PBXSourcesBuildPhase section */
		BB19E2D71BC5BE5E0089C8C7 /* Sources */ = {
			isa = PBXSourcesBuildPhase;
			buildActionMask = 2147483647;
			files = (
				BBA5F8171BC71BD400523EA9 /* MapFeatureListVC.swift in Sources */,
				BB19E3181BC5D30A0089C8C7 /* FileContainerVC.swift in Sources */,
				BB19E31C1BC5D6AA0089C8C7 /* Global.swift in Sources */,
				BBD1635D1BCAD31200ACD31B /* KeySelectionVCTableViewController.swift in Sources */,
				BB19E2E11BC5BE5E0089C8C7 /* AppDelegate.swift in Sources */,
				BBF900B61BC834F700696A30 /* percentGC.swift in Sources */,
				BB19E31A1BC5D3210089C8C7 /* FileTableVCTableViewController.swift in Sources */,
				BBA5F8111BC71A0C00523EA9 /* TranslateVC.swift in Sources */,
				BB19E3031BC5C4B50089C8C7 /* MainVC.swift in Sources */,
				BBA5F80B1BC6FEEA00523EA9 /* MapContainerContainerVC.swift in Sources */,
				BBA5F8131BC71A1800523EA9 /* InspectVC.swift in Sources */,
				BBA5F80F1BC719D800523EA9 /* AnnotateVC.swift in Sources */,
				BB19E3201BC5DE9B0089C8C7 /* Seq.swift in Sources */,
				BBF900B41BC831D100696A30 /* meltingTemperature.swift in Sources */,
				BBF900B11BC82D1500696A30 /* translateDNA.swift in Sources */,
				BBEA85391BC84D8F005688AC /* HuePicker.swift in Sources */,
				BBA5F80D1BC6FF5300523EA9 /* MapViewContainer.swift in Sources */,
				BB19E3051BC5C5A00089C8C7 /* DropboxManager.swift in Sources */,
				BBA5F8091BC5ECDE00523EA9 /* MapView.swift in Sources */,
				BB19E31F1BC5DE9B0089C8C7 /* GenbankParser.swift in Sources */,
				BBA5F8151BC71A9700523EA9 /* FeatureVC.swift in Sources */,
			);
			runOnlyForDeploymentPostprocessing = 0;
		};
		BB19E2EE1BC5BE5E0089C8C7 /* Sources */ = {
			isa = PBXSourcesBuildPhase;
			buildActionMask = 2147483647;
			files = (
				BB19E2F91BC5BE5E0089C8C7 /* PlasmidTests.swift in Sources */,
			);
			runOnlyForDeploymentPostprocessing = 0;
		};
/* End PBXSourcesBuildPhase section */

/* Begin PBXTargetDependency section */
		BB19E2F41BC5BE5E0089C8C7 /* PBXTargetDependency */ = {
			isa = PBXTargetDependency;
			target = BB19E2DA1BC5BE5E0089C8C7 /* Plasmid */;
			targetProxy = BB19E2F31BC5BE5E0089C8C7 /* PBXContainerItemProxy */;
		};
/* End PBXTargetDependency section */

/* Begin PBXVariantGroup section */
		BB19E2E61BC5BE5E0089C8C7 /* Main.storyboard */ = {
			isa = PBXVariantGroup;
			children = (
				BB19E2E71BC5BE5E0089C8C7 /* Base */,
			);
			name = Main.storyboard;
			sourceTree = "<group>";
		};
		BB19E2EB1BC5BE5E0089C8C7 /* LaunchScreen.xib */ = {
			isa = PBXVariantGroup;
			children = (
				BB19E2EC1BC5BE5E0089C8C7 /* Base */,
			);
			name = LaunchScreen.xib;
			sourceTree = "<group>";
		};
/* End PBXVariantGroup section */

/* Begin XCBuildConfiguration section */
		BB19E2FA1BC5BE5E0089C8C7 /* Debug */ = {
			isa = XCBuildConfiguration;
			buildSettings = {
				ALWAYS_SEARCH_USER_PATHS = NO;
				CLANG_CXX_LANGUAGE_STANDARD = "gnu++0x";
				CLANG_CXX_LIBRARY = "libc++";
				CLANG_ENABLE_MODULES = YES;
				CLANG_ENABLE_OBJC_ARC = YES;
				CLANG_WARN_BOOL_CONVERSION = YES;
				CLANG_WARN_CONSTANT_CONVERSION = YES;
				CLANG_WARN_DIRECT_OBJC_ISA_USAGE = YES_ERROR;
				CLANG_WARN_EMPTY_BODY = YES;
				CLANG_WARN_ENUM_CONVERSION = YES;
				CLANG_WARN_INT_CONVERSION = YES;
				CLANG_WARN_OBJC_ROOT_CLASS = YES_ERROR;
				CLANG_WARN_UNREACHABLE_CODE = YES;
				CLANG_WARN__DUPLICATE_METHOD_MATCH = YES;
				"CODE_SIGN_IDENTITY[sdk=iphoneos*]" = "iPhone Developer";
				COPY_PHASE_STRIP = NO;
				DEBUG_INFORMATION_FORMAT = "dwarf-with-dsym";
				ENABLE_STRICT_OBJC_MSGSEND = YES;
				GCC_C_LANGUAGE_STANDARD = gnu99;
				GCC_DYNAMIC_NO_PIC = NO;
				GCC_NO_COMMON_BLOCKS = YES;
				GCC_OPTIMIZATION_LEVEL = 0;
				GCC_PREPROCESSOR_DEFINITIONS = (
					"DEBUG=1",
					"$(inherited)",
				);
				GCC_SYMBOLS_PRIVATE_EXTERN = NO;
				GCC_WARN_64_TO_32_BIT_CONVERSION = YES;
				GCC_WARN_ABOUT_RETURN_TYPE = YES_ERROR;
				GCC_WARN_UNDECLARED_SELECTOR = YES;
				GCC_WARN_UNINITIALIZED_AUTOS = YES_AGGRESSIVE;
				GCC_WARN_UNUSED_FUNCTION = YES;
				GCC_WARN_UNUSED_VARIABLE = YES;
				IPHONEOS_DEPLOYMENT_TARGET = 8.4;
				MTL_ENABLE_DEBUG_INFO = YES;
				ONLY_ACTIVE_ARCH = YES;
				SDKROOT = iphoneos;
				SWIFT_OPTIMIZATION_LEVEL = "-Onone";
				TARGETED_DEVICE_FAMILY = "1,2";
			};
			name = Debug;
		};
		BB19E2FB1BC5BE5E0089C8C7 /* Release */ = {
			isa = XCBuildConfiguration;
			buildSettings = {
				ALWAYS_SEARCH_USER_PATHS = NO;
				CLANG_CXX_LANGUAGE_STANDARD = "gnu++0x";
				CLANG_CXX_LIBRARY = "libc++";
				CLANG_ENABLE_MODULES = YES;
				CLANG_ENABLE_OBJC_ARC = YES;
				CLANG_WARN_BOOL_CONVERSION = YES;
				CLANG_WARN_CONSTANT_CONVERSION = YES;
				CLANG_WARN_DIRECT_OBJC_ISA_USAGE = YES_ERROR;
				CLANG_WARN_EMPTY_BODY = YES;
				CLANG_WARN_ENUM_CONVERSION = YES;
				CLANG_WARN_INT_CONVERSION = YES;
				CLANG_WARN_OBJC_ROOT_CLASS = YES_ERROR;
				CLANG_WARN_UNREACHABLE_CODE = YES;
				CLANG_WARN__DUPLICATE_METHOD_MATCH = YES;
				"CODE_SIGN_IDENTITY[sdk=iphoneos*]" = "iPhone Developer";
				COPY_PHASE_STRIP = NO;
				DEBUG_INFORMATION_FORMAT = "dwarf-with-dsym";
				ENABLE_NS_ASSERTIONS = NO;
				ENABLE_STRICT_OBJC_MSGSEND = YES;
				GCC_C_LANGUAGE_STANDARD = gnu99;
				GCC_NO_COMMON_BLOCKS = YES;
				GCC_WARN_64_TO_32_BIT_CONVERSION = YES;
				GCC_WARN_ABOUT_RETURN_TYPE = YES_ERROR;
				GCC_WARN_UNDECLARED_SELECTOR = YES;
				GCC_WARN_UNINITIALIZED_AUTOS = YES_AGGRESSIVE;
				GCC_WARN_UNUSED_FUNCTION = YES;
				GCC_WARN_UNUSED_VARIABLE = YES;
				IPHONEOS_DEPLOYMENT_TARGET = 8.4;
				MTL_ENABLE_DEBUG_INFO = NO;
				SDKROOT = iphoneos;
				TARGETED_DEVICE_FAMILY = "1,2";
				VALIDATE_PRODUCT = YES;
			};
			name = Release;
		};
		BB19E2FD1BC5BE5E0089C8C7 /* Debug */ = {
			isa = XCBuildConfiguration;
			buildSettings = {
				ASSETCATALOG_COMPILER_APPICON_NAME = AppIcon;
				CLANG_ENABLE_MODULES = YES;
				FRAMEWORK_SEARCH_PATHS = (
					"$(inherited)",
					"$(PROJECT_DIR)",
				);
				INFOPLIST_FILE = Plasmid/Info.plist;
				LD_RUNPATH_SEARCH_PATHS = "$(inherited) @executable_path/Frameworks";
				PRODUCT_NAME = "$(TARGET_NAME)";
				SWIFT_OBJC_BRIDGING_HEADER = "Plasmid/Plasmid-Bridging-Header.h";
				SWIFT_OPTIMIZATION_LEVEL = "-Onone";
			};
			name = Debug;
		};
		BB19E2FE1BC5BE5E0089C8C7 /* Release */ = {
			isa = XCBuildConfiguration;
			buildSettings = {
				ASSETCATALOG_COMPILER_APPICON_NAME = AppIcon;
				CLANG_ENABLE_MODULES = YES;
				FRAMEWORK_SEARCH_PATHS = (
					"$(inherited)",
					"$(PROJECT_DIR)",
				);
				INFOPLIST_FILE = Plasmid/Info.plist;
				LD_RUNPATH_SEARCH_PATHS = "$(inherited) @executable_path/Frameworks";
				PRODUCT_NAME = "$(TARGET_NAME)";
				SWIFT_OBJC_BRIDGING_HEADER = "Plasmid/Plasmid-Bridging-Header.h";
			};
			name = Release;
		};
		BB19E3001BC5BE5E0089C8C7 /* Debug */ = {
			isa = XCBuildConfiguration;
			buildSettings = {
				BUNDLE_LOADER = "$(TEST_HOST)";
				FRAMEWORK_SEARCH_PATHS = (
					"$(SDKROOT)/Developer/Library/Frameworks",
					"$(inherited)",
				);
				GCC_PREPROCESSOR_DEFINITIONS = (
					"DEBUG=1",
					"$(inherited)",
				);
				INFOPLIST_FILE = PlasmidTests/Info.plist;
				LD_RUNPATH_SEARCH_PATHS = "$(inherited) @executable_path/Frameworks @loader_path/Frameworks";
				PRODUCT_NAME = "$(TARGET_NAME)";
				TEST_HOST = "$(BUILT_PRODUCTS_DIR)/Plasmid.app/Plasmid";
			};
			name = Debug;
		};
		BB19E3011BC5BE5E0089C8C7 /* Release */ = {
			isa = XCBuildConfiguration;
			buildSettings = {
				BUNDLE_LOADER = "$(TEST_HOST)";
				FRAMEWORK_SEARCH_PATHS = (
					"$(SDKROOT)/Developer/Library/Frameworks",
					"$(inherited)",
				);
				INFOPLIST_FILE = PlasmidTests/Info.plist;
				LD_RUNPATH_SEARCH_PATHS = "$(inherited) @executable_path/Frameworks @loader_path/Frameworks";
				PRODUCT_NAME = "$(TARGET_NAME)";
				TEST_HOST = "$(BUILT_PRODUCTS_DIR)/Plasmid.app/Plasmid";
			};
			name = Release;
		};
/* End XCBuildConfiguration section */

/* Begin XCConfigurationList section */
		BB19E2D61BC5BE5E0089C8C7 /* Build configuration list for PBXProject "Plasmid" */ = {
			isa = XCConfigurationList;
			buildConfigurations = (
				BB19E2FA1BC5BE5E0089C8C7 /* Debug */,
				BB19E2FB1BC5BE5E0089C8C7 /* Release */,
			);
			defaultConfigurationIsVisible = 0;
			defaultConfigurationName = Release;
		};
		BB19E2FC1BC5BE5E0089C8C7 /* Build configuration list for PBXNativeTarget "Plasmid" */ = {
			isa = XCConfigurationList;
			buildConfigurations = (
				BB19E2FD1BC5BE5E0089C8C7 /* Debug */,
				BB19E2FE1BC5BE5E0089C8C7 /* Release */,
			);
			defaultConfigurationIsVisible = 0;
			defaultConfigurationName = Release;
		};
		BB19E2FF1BC5BE5E0089C8C7 /* Build configuration list for PBXNativeTarget "PlasmidTests" */ = {
			isa = XCConfigurationList;
			buildConfigurations = (
				BB19E3001BC5BE5E0089C8C7 /* Debug */,
				BB19E3011BC5BE5E0089C8C7 /* Release */,
			);
			defaultConfigurationIsVisible = 0;
			defaultConfigurationName = Release;
		};
/* End XCConfigurationList section */
	};
	rootObject = BB19E2D31BC5BE5E0089C8C7 /* Project object */;
}
